
Microsoft Visual Studio Solution File, Format Version 12.00
# Visual Studio Version 17
VisualStudioVersion = 17.5.002.0
MinimumVisualStudioVersion = 10.0.40219.1
Project("{9A19103F-16F7-4668-BE54-9A1E7A4F7556}") = "PTPMQL_MVC", "PTPMQL_MVC\PTPMQL_MVC.csproj", "{C1CF645C-41EE-47E2-B1AF-1F1726F672F7}"
EndProject
Global
	GlobalSection(SolutionConfigurationPlatforms) = preSolution
		Debug|Any CPU = Debug|Any CPU
		Release|Any CPU = Release|Any CPU
	EndGlobalSection
	GlobalSection(ProjectConfigurationPlatforms) = postSolution
		{C1CF645C-41EE-47E2-B1AF-1F1726F672F7}.Debug|Any CPU.ActiveCfg = Debug|Any CPU
		{C1CF645C-41EE-47E2-B1AF-1F1726F672F7}.Debug|Any CPU.Build.0 = Debug|Any CPU
		{C1CF645C-41EE-47E2-B1AF-1F1726F672F7}.Release|Any CPU.ActiveCfg = Release|Any CPU
		{C1CF645C-41EE-47E2-B1AF-1F1726F672F7}.Release|Any CPU.Build.0 = Release|Any CPU
	EndGlobalSection
	GlobalSection(SolutionProperties) = preSolution
		HideSolutionNode = FALSE
	EndGlobalSection
	GlobalSection(ExtensibilityGlobals) = postSolution
		SolutionGuid = {5F1EF9BE-7F4C-4F60-88C9-EC6767375076}
	EndGlobalSection
EndGlobal
