Microsoft Visual Studio Solution File, Format Version 12.00
# Visual Studio Version 17
VisualStudioVersion = 17.5.2.0
MinimumVisualStudioVersion = 10.0.40219.1
Project("{FAE04EC0-301F-11D3-BF4B-00C04F79EFBC}") = "PTPMQLMvc", "PTPMQLMvc.csproj", "{D2386DF5-71E6-F209-DEFA-F5E9665167D8}"
EndProject
Global
	GlobalSection(SolutionConfigurationPlatforms) = preSolution
		Debug|Any CPU = Debug|Any CPU
		Release|Any CPU = Release|Any CPU
	EndGlobalSection
	GlobalSection(ProjectConfigurationPlatforms) = postSolution
		{D2386DF5-71E6-F209-DEFA-F5E9665167D8}.Debug|Any CPU.ActiveCfg = Debug|Any CPU
		{D2386DF5-71E6-F209-DEFA-F5E9665167D8}.Debug|Any CPU.Build.0 = Debug|Any CPU
		{D2386DF5-71E6-F209-DEFA-F5E9665167D8}.Release|Any CPU.ActiveCfg = Release|Any CPU
		{D2386DF5-71E6-F209-DEFA-F5E9665167D8}.Release|Any CPU.Build.0 = Release|Any CPU
	EndGlobalSection
	GlobalSection(SolutionProperties) = preSolution
		HideSolutionNode = FALSE
	EndGlobalSection
	GlobalSection(ExtensibilityGlobals) = postSolution
		SolutionGuid = {A8A0A4A2-7324-4352-818A-C97900494785}
	EndGlobalSection
EndGlobal
